
Microsoft Visual Studio Solution File, Format Version 12.00
# Visual Studio Version 16
VisualStudioVersion = 16.0.31515.178
MinimumVisualStudioVersion = 10.0.40219.1
Project("{8BC9CEB8-8B4A-11D0-8D11-00A0C91BC942}") = "Project2", "Project2\Project2.vcxproj", "{F3E62DEC-9499-424E-B860-E86C030BBF67}"
EndProject
Project("{8BC9CEB8-8B4A-11D0-8D11-00A0C91BC942}") = "Sales Prediction", "SalesPrediction\SalesPrediction.vcxproj", "{52128F73-4AAB-49DA-A775-E1ADFA62A33D}"
EndProject
Project("{8BC9CEB8-8B4A-11D0-8D11-00A0C91BC942}") = "Sales Tax", "SalesTax\SalesTax.vcxproj", "{0AEDCC05-697E-4C12-9906-73B3A5CF4E32}"
EndProject
Project("{8BC9CEB8-8B4A-11D0-8D11-00A0C91BC942}") = "Restaurant Bill", "RestaurantBill\RestaurantBill.vcxproj", "{7F1378DC-0132-4CBD-9F6F-DD0E6227C479}"
EndProject
Project("{8BC9CEB8-8B4A-11D0-8D11-00A0C91BC942}") = "average Of Values", "averageOfValues\averageOfValues.vcxproj", "{0084EC44-B929-4930-9628-C939C497A703}"
EndProject
Project("{8BC9CEB8-8B4A-11D0-8D11-00A0C91BC942}") = "Annual Pay", "AnnualPay\AnnualPay.vcxproj", "{EDB1EB7C-783C-4174-B913-94081B4CCE7D}"
EndProject
Project("{8BC9CEB8-8B4A-11D0-8D11-00A0C91BC942}") = "Ocean Levels", "OceanLevels\OceanLevels.vcxproj", "{7E78401A-9F77-4F6A-BD0B-47A301477E7E}"
EndProject
Project("{8BC9CEB8-8B4A-11D0-8D11-00A0C91BC942}") = "Total Purchase", "TotalPurchase\TotalPurchase.vcxproj", "{46584580-6702-4295-B622-EE362B6F482E}"
EndProject
Project("{8BC9CEB8-8B4A-11D0-8D11-00A0C91BC942}") = "Cyborg Data Types Sizes", "Cyborg Data Types Sizes\Cyborg Data Types Sizes.vcxproj", "{86711CDA-EE85-4A9F-A96F-C7453EFA6F39}"
EndProject
Project("{8BC9CEB8-8B4A-11D0-8D11-00A0C91BC942}") = "Miles Per Gallon", "MilesPerGallon\MilesPerGallon.vcxproj", "{E570B226-4389-4689-97F0-5CA3CEC7CBFC}"
EndProject
Project("{8BC9CEB8-8B4A-11D0-8D11-00A0C91BC942}") = "Distance per Tank of Gas", "Distance per Tank of Gas\Distance per Tank of Gas.vcxproj", "{91AE3FCF-7CE0-4790-BC0A-957335F0F56A}"
EndProject
Project("{8BC9CEB8-8B4A-11D0-8D11-00A0C91BC942}") = "Land Calculation", "LandCalculation\LandCalculation.vcxproj", "{C0ED6897-80FA-4AEC-B42D-48B0131911BA}"
EndProject
Project("{8BC9CEB8-8B4A-11D0-8D11-00A0C91BC942}") = "Circuit Board Price", "Circuit Board Price\Circuit Board Price.vcxproj", "{5FCE1F37-65F3-42D5-8E63-7052EAE32D1D}"
EndProject
Project("{8BC9CEB8-8B4A-11D0-8D11-00A0C91BC942}") = "Personal Information", "Personal Infomation\Personal Infomation.vcxproj", "{F52AA3ED-14AA-4D3B-A94B-80A449FC8786}"
EndProject
Project("{8BC9CEB8-8B4A-11D0-8D11-00A0C91BC942}") = "Stadium Seating", "Stadium Seating\Stadium Seating.vcxproj", "{ADA2205D-2B7D-43FF-9943-250FE9DA7249}"
EndProject
Project("{8BC9CEB8-8B4A-11D0-8D11-00A0C91BC942}") = "Average RainFall", "Average RainFall\Average RainFall.vcxproj", "{9E5A8A13-83F6-4408-9243-39C537FF30D6}"
EndProject
Project("{8BC9CEB8-8B4A-11D0-8D11-00A0C91BC942}") = "Male and Female Percentages", "Male and Female Percentages\Male and Female Percentages.vcxproj", "{5AD51674-BC86-4FBC-9D7B-B0ED9FCD1E86}"
EndProject
Project("{8BC9CEB8-8B4A-11D0-8D11-00A0C91BC942}") = "Ingredent Adjuster", "Ingredent Adjuster\Ingredent Adjuster.vcxproj", "{7F165ADA-F280-4BF2-884B-A2D316567405}"
EndProject
Project("{8BC9CEB8-8B4A-11D0-8D11-00A0C91BC942}") = "Box Office", "Box Office\Box Office.vcxproj", "{E4626777-E82E-40BF-A4EC-5E7AAA774AF4}"
EndProject
Project("{8BC9CEB8-8B4A-11D0-8D11-00A0C91BC942}") = "How Many Widgets", "How Many Widgets\How Many Widgets.vcxproj", "{89C6AF4E-D829-4CDB-90DD-0CF875E3F9FD}"
EndProject
Project("{8BC9CEB8-8B4A-11D0-8D11-00A0C91BC942}") = "How Many calories", "How Many calories\How Many calories.vcxproj", "{69DB5A83-A91B-48EB-A298-346AF5824671}"
EndProject
Project("{8BC9CEB8-8B4A-11D0-8D11-00A0C91BC942}") = "How Much insurance", "How Much insurance\How Much insurance.vcxproj", "{C01A3B2C-BB6A-4576-9423-6F509C2F7B9B}"
EndProject
Project("{8BC9CEB8-8B4A-11D0-8D11-00A0C91BC942}") = "Automobile Costs", "Automobile Costs\Automobile Costs.vcxproj", "{7DA2D1C8-155F-4FB9-9279-A36DA54DB37C}"
EndProject
Project("{8BC9CEB8-8B4A-11D0-8D11-00A0C91BC942}") = "Celsius to farenheit", "Celsius to farenheit\Celsius to farenheit.vcxproj", "{FD7DF4F4-7928-40ED-A149-FD22FA787F66}"
EndProject
Project("{8BC9CEB8-8B4A-11D0-8D11-00A0C91BC942}") = "Currency", "Currency\Currency.vcxproj", "{F248318B-F3AA-4612-883D-D67FFF3D4254}"
EndProject
Project("{8BC9CEB8-8B4A-11D0-8D11-00A0C91BC942}") = "Monthly Sales Tax", "Monthly Sales Tax\Monthly Sales Tax.vcxproj", "{24C80699-FF94-4240-8535-25C9F4CB3E7D}"
EndProject
Project("{8BC9CEB8-8B4A-11D0-8D11-00A0C91BC942}") = "Math Tutor", "Property Tax\Property Tax.vcxproj", "{40A6C6BC-88C0-497C-9B44-7B8D0E9A9769}"
EndProject
Project("{8BC9CEB8-8B4A-11D0-8D11-00A0C91BC942}") = "Interest Earned", "Interest Earned\Interest Earned.vcxproj", "{7F73EB09-F0FA-46EC-9175-5E3DA2400FB1}"
EndProject
Project("{8BC9CEB8-8B4A-11D0-8D11-00A0C91BC942}") = "Monthly Payments", "Monthly Payments\Monthly Payments.vcxproj", "{E47B0477-C582-40F0-B6A2-C5608769FC87}"
EndProject
Global
	GlobalSection(SolutionConfigurationPlatforms) = preSolution
		Debug|x64 = Debug|x64
		Debug|x86 = Debug|x86
		Release|x64 = Release|x64
		Release|x86 = Release|x86
	EndGlobalSection
	GlobalSection(ProjectConfigurationPlatforms) = postSolution
		{F3E62DEC-9499-424E-B860-E86C030BBF67}.Debug|x64.ActiveCfg = Debug|x64
		{F3E62DEC-9499-424E-B860-E86C030BBF67}.Debug|x64.Build.0 = Debug|x64
		{F3E62DEC-9499-424E-B860-E86C030BBF67}.Debug|x86.ActiveCfg = Debug|Win32
		{F3E62DEC-9499-424E-B860-E86C030BBF67}.Debug|x86.Build.0 = Debug|Win32
		{F3E62DEC-9499-424E-B860-E86C030BBF67}.Release|x64.ActiveCfg = Release|x64
		{F3E62DEC-9499-424E-B860-E86C030BBF67}.Release|x64.Build.0 = Release|x64
		{F3E62DEC-9499-424E-B860-E86C030BBF67}.Release|x86.ActiveCfg = Release|Win32
		{F3E62DEC-9499-424E-B860-E86C030BBF67}.Release|x86.Build.0 = Release|Win32
		{52128F73-4AAB-49DA-A775-E1ADFA62A33D}.Debug|x64.ActiveCfg = Debug|x64
		{52128F73-4AAB-49DA-A775-E1ADFA62A33D}.Debug|x64.Build.0 = Debug|x64
		{52128F73-4AAB-49DA-A775-E1ADFA62A33D}.Debug|x86.ActiveCfg = Debug|Win32
		{52128F73-4AAB-49DA-A775-E1ADFA62A33D}.Debug|x86.Build.0 = Debug|Win32
		{52128F73-4AAB-49DA-A775-E1ADFA62A33D}.Release|x64.ActiveCfg = Release|x64
		{52128F73-4AAB-49DA-A775-E1ADFA62A33D}.Release|x64.Build.0 = Release|x64
		{52128F73-4AAB-49DA-A775-E1ADFA62A33D}.Release|x86.ActiveCfg = Release|Win32
		{52128F73-4AAB-49DA-A775-E1ADFA62A33D}.Release|x86.Build.0 = Release|Win32
		{0AEDCC05-697E-4C12-9906-73B3A5CF4E32}.Debug|x64.ActiveCfg = Debug|x64
		{0AEDCC05-697E-4C12-9906-73B3A5CF4E32}.Debug|x64.Build.0 = Debug|x64
		{0AEDCC05-697E-4C12-9906-73B3A5CF4E32}.Debug|x86.ActiveCfg = Debug|Win32
		{0AEDCC05-697E-4C12-9906-73B3A5CF4E32}.Debug|x86.Build.0 = Debug|Win32
		{0AEDCC05-697E-4C12-9906-73B3A5CF4E32}.Release|x64.ActiveCfg = Release|x64
		{0AEDCC05-697E-4C12-9906-73B3A5CF4E32}.Release|x64.Build.0 = Release|x64
		{0AEDCC05-697E-4C12-9906-73B3A5CF4E32}.Release|x86.ActiveCfg = Release|Win32
		{0AEDCC05-697E-4C12-9906-73B3A5CF4E32}.Release|x86.Build.0 = Release|Win32
		{7F1378DC-0132-4CBD-9F6F-DD0E6227C479}.Debug|x64.ActiveCfg = Debug|x64
		{7F1378DC-0132-4CBD-9F6F-DD0E6227C479}.Debug|x64.Build.0 = Debug|x64
		{7F1378DC-0132-4CBD-9F6F-DD0E6227C479}.Debug|x86.ActiveCfg = Debug|Win32
		{7F1378DC-0132-4CBD-9F6F-DD0E6227C479}.Debug|x86.Build.0 = Debug|Win32
		{7F1378DC-0132-4CBD-9F6F-DD0E6227C479}.Release|x64.ActiveCfg = Release|x64
		{7F1378DC-0132-4CBD-9F6F-DD0E6227C479}.Release|x64.Build.0 = Release|x64
		{7F1378DC-0132-4CBD-9F6F-DD0E6227C479}.Release|x86.ActiveCfg = Release|Win32
		{7F1378DC-0132-4CBD-9F6F-DD0E6227C479}.Release|x86.Build.0 = Release|Win32
		{0084EC44-B929-4930-9628-C939C497A703}.Debug|x64.ActiveCfg = Debug|x64
		{0084EC44-B929-4930-9628-C939C497A703}.Debug|x64.Build.0 = Debug|x64
		{0084EC44-B929-4930-9628-C939C497A703}.Debug|x86.ActiveCfg = Debug|Win32
		{0084EC44-B929-4930-9628-C939C497A703}.Debug|x86.Build.0 = Debug|Win32
		{0084EC44-B929-4930-9628-C939C497A703}.Release|x64.ActiveCfg = Release|x64
		{0084EC44-B929-4930-9628-C939C497A703}.Release|x64.Build.0 = Release|x64
		{0084EC44-B929-4930-9628-C939C497A703}.Release|x86.ActiveCfg = Release|Win32
		{0084EC44-B929-4930-9628-C939C497A703}.Release|x86.Build.0 = Release|Win32
		{EDB1EB7C-783C-4174-B913-94081B4CCE7D}.Debug|x64.ActiveCfg = Debug|x64
		{EDB1EB7C-783C-4174-B913-94081B4CCE7D}.Debug|x64.Build.0 = Debug|x64
		{EDB1EB7C-783C-4174-B913-94081B4CCE7D}.Debug|x86.ActiveCfg = Debug|Win32
		{EDB1EB7C-783C-4174-B913-94081B4CCE7D}.Debug|x86.Build.0 = Debug|Win32
		{EDB1EB7C-783C-4174-B913-94081B4CCE7D}.Release|x64.ActiveCfg = Release|x64
		{EDB1EB7C-783C-4174-B913-94081B4CCE7D}.Release|x64.Build.0 = Release|x64
		{EDB1EB7C-783C-4174-B913-94081B4CCE7D}.Release|x86.ActiveCfg = Release|Win32
		{EDB1EB7C-783C-4174-B913-94081B4CCE7D}.Release|x86.Build.0 = Release|Win32
		{7E78401A-9F77-4F6A-BD0B-47A301477E7E}.Debug|x64.ActiveCfg = Debug|x64
		{7E78401A-9F77-4F6A-BD0B-47A301477E7E}.Debug|x64.Build.0 = Debug|x64
		{7E78401A-9F77-4F6A-BD0B-47A301477E7E}.Debug|x86.ActiveCfg = Debug|Win32
		{7E78401A-9F77-4F6A-BD0B-47A301477E7E}.Debug|x86.Build.0 = Debug|Win32
		{7E78401A-9F77-4F6A-BD0B-47A301477E7E}.Release|x64.ActiveCfg = Release|x64
		{7E78401A-9F77-4F6A-BD0B-47A301477E7E}.Release|x64.Build.0 = Release|x64
		{7E78401A-9F77-4F6A-BD0B-47A301477E7E}.Release|x86.ActiveCfg = Release|Win32
		{7E78401A-9F77-4F6A-BD0B-47A301477E7E}.Release|x86.Build.0 = Release|Win32
		{46584580-6702-4295-B622-EE362B6F482E}.Debug|x64.ActiveCfg = Debug|x64
		{46584580-6702-4295-B622-EE362B6F482E}.Debug|x64.Build.0 = Debug|x64
		{46584580-6702-4295-B622-EE362B6F482E}.Debug|x86.ActiveCfg = Debug|Win32
		{46584580-6702-4295-B622-EE362B6F482E}.Debug|x86.Build.0 = Debug|Win32
		{46584580-6702-4295-B622-EE362B6F482E}.Release|x64.ActiveCfg = Release|x64
		{46584580-6702-4295-B622-EE362B6F482E}.Release|x64.Build.0 = Release|x64
		{46584580-6702-4295-B622-EE362B6F482E}.Release|x86.ActiveCfg = Release|Win32
		{46584580-6702-4295-B622-EE362B6F482E}.Release|x86.Build.0 = Release|Win32
		{86711CDA-EE85-4A9F-A96F-C7453EFA6F39}.Debug|x64.ActiveCfg = Debug|x64
		{86711CDA-EE85-4A9F-A96F-C7453EFA6F39}.Debug|x64.Build.0 = Debug|x64
		{86711CDA-EE85-4A9F-A96F-C7453EFA6F39}.Debug|x86.ActiveCfg = Debug|Win32
		{86711CDA-EE85-4A9F-A96F-C7453EFA6F39}.Debug|x86.Build.0 = Debug|Win32
		{86711CDA-EE85-4A9F-A96F-C7453EFA6F39}.Release|x64.ActiveCfg = Release|x64
		{86711CDA-EE85-4A9F-A96F-C7453EFA6F39}.Release|x64.Build.0 = Release|x64
		{86711CDA-EE85-4A9F-A96F-C7453EFA6F39}.Release|x86.ActiveCfg = Release|Win32
		{86711CDA-EE85-4A9F-A96F-C7453EFA6F39}.Release|x86.Build.0 = Release|Win32
		{E570B226-4389-4689-97F0-5CA3CEC7CBFC}.Debug|x64.ActiveCfg = Debug|x64
		{E570B226-4389-4689-97F0-5CA3CEC7CBFC}.Debug|x64.Build.0 = Debug|x64
		{E570B226-4389-4689-97F0-5CA3CEC7CBFC}.Debug|x86.ActiveCfg = Debug|Win32
		{E570B226-4389-4689-97F0-5CA3CEC7CBFC}.Debug|x86.Build.0 = Debug|Win32
		{E570B226-4389-4689-97F0-5CA3CEC7CBFC}.Release|x64.ActiveCfg = Release|x64
		{E570B226-4389-4689-97F0-5CA3CEC7CBFC}.Release|x64.Build.0 = Release|x64
		{E570B226-4389-4689-97F0-5CA3CEC7CBFC}.Release|x86.ActiveCfg = Release|Win32
		{E570B226-4389-4689-97F0-5CA3CEC7CBFC}.Release|x86.Build.0 = Release|Win32
		{91AE3FCF-7CE0-4790-BC0A-957335F0F56A}.Debug|x64.ActiveCfg = Debug|x64
		{91AE3FCF-7CE0-4790-BC0A-957335F0F56A}.Debug|x64.Build.0 = Debug|x64
		{91AE3FCF-7CE0-4790-BC0A-957335F0F56A}.Debug|x86.ActiveCfg = Debug|Win32
		{91AE3FCF-7CE0-4790-BC0A-957335F0F56A}.Debug|x86.Build.0 = Debug|Win32
		{91AE3FCF-7CE0-4790-BC0A-957335F0F56A}.Release|x64.ActiveCfg = Release|x64
		{91AE3FCF-7CE0-4790-BC0A-957335F0F56A}.Release|x64.Build.0 = Release|x64
		{91AE3FCF-7CE0-4790-BC0A-957335F0F56A}.Release|x86.ActiveCfg = Release|Win32
		{91AE3FCF-7CE0-4790-BC0A-957335F0F56A}.Release|x86.Build.0 = Release|Win32
		{C0ED6897-80FA-4AEC-B42D-48B0131911BA}.Debug|x64.ActiveCfg = Debug|x64
		{C0ED6897-80FA-4AEC-B42D-48B0131911BA}.Debug|x64.Build.0 = Debug|x64
		{C0ED6897-80FA-4AEC-B42D-48B0131911BA}.Debug|x86.ActiveCfg = Debug|Win32
		{C0ED6897-80FA-4AEC-B42D-48B0131911BA}.Debug|x86.Build.0 = Debug|Win32
		{C0ED6897-80FA-4AEC-B42D-48B0131911BA}.Release|x64.ActiveCfg = Release|x64
		{C0ED6897-80FA-4AEC-B42D-48B0131911BA}.Release|x64.Build.0 = Release|x64
		{C0ED6897-80FA-4AEC-B42D-48B0131911BA}.Release|x86.ActiveCfg = Release|Win32
		{C0ED6897-80FA-4AEC-B42D-48B0131911BA}.Release|x86.Build.0 = Release|Win32
		{5FCE1F37-65F3-42D5-8E63-7052EAE32D1D}.Debug|x64.ActiveCfg = Debug|x64
		{5FCE1F37-65F3-42D5-8E63-7052EAE32D1D}.Debug|x64.Build.0 = Debug|x64
		{5FCE1F37-65F3-42D5-8E63-7052EAE32D1D}.Debug|x86.ActiveCfg = Debug|Win32
		{5FCE1F37-65F3-42D5-8E63-7052EAE32D1D}.Debug|x86.Build.0 = Debug|Win32
		{5FCE1F37-65F3-42D5-8E63-7052EAE32D1D}.Release|x64.ActiveCfg = Release|x64
		{5FCE1F37-65F3-42D5-8E63-7052EAE32D1D}.Release|x64.Build.0 = Release|x64
		{5FCE1F37-65F3-42D5-8E63-7052EAE32D1D}.Release|x86.ActiveCfg = Release|Win32
		{5FCE1F37-65F3-42D5-8E63-7052EAE32D1D}.Release|x86.Build.0 = Release|Win32
		{F52AA3ED-14AA-4D3B-A94B-80A449FC8786}.Debug|x64.ActiveCfg = Debug|x64
		{F52AA3ED-14AA-4D3B-A94B-80A449FC8786}.Debug|x64.Build.0 = Debug|x64
		{F52AA3ED-14AA-4D3B-A94B-80A449FC8786}.Debug|x86.ActiveCfg = Debug|Win32
		{F52AA3ED-14AA-4D3B-A94B-80A449FC8786}.Debug|x86.Build.0 = Debug|Win32
		{F52AA3ED-14AA-4D3B-A94B-80A449FC8786}.Release|x64.ActiveCfg = Release|x64
		{F52AA3ED-14AA-4D3B-A94B-80A449FC8786}.Release|x64.Build.0 = Release|x64
		{F52AA3ED-14AA-4D3B-A94B-80A449FC8786}.Release|x86.ActiveCfg = Release|Win32
		{F52AA3ED-14AA-4D3B-A94B-80A449FC8786}.Release|x86.Build.0 = Release|Win32
		{ADA2205D-2B7D-43FF-9943-250FE9DA7249}.Debug|x64.ActiveCfg = Debug|x64
		{ADA2205D-2B7D-43FF-9943-250FE9DA7249}.Debug|x64.Build.0 = Debug|x64
		{ADA2205D-2B7D-43FF-9943-250FE9DA7249}.Debug|x86.ActiveCfg = Debug|Win32
		{ADA2205D-2B7D-43FF-9943-250FE9DA7249}.Debug|x86.Build.0 = Debug|Win32
		{ADA2205D-2B7D-43FF-9943-250FE9DA7249}.Release|x64.ActiveCfg = Release|x64
		{ADA2205D-2B7D-43FF-9943-250FE9DA7249}.Release|x64.Build.0 = Release|x64
		{ADA2205D-2B7D-43FF-9943-250FE9DA7249}.Release|x86.ActiveCfg = Release|Win32
		{ADA2205D-2B7D-43FF-9943-250FE9DA7249}.Release|x86.Build.0 = Release|Win32
		{9E5A8A13-83F6-4408-9243-39C537FF30D6}.Debug|x64.ActiveCfg = Debug|x64
		{9E5A8A13-83F6-4408-9243-39C537FF30D6}.Debug|x64.Build.0 = Debug|x64
		{9E5A8A13-83F6-4408-9243-39C537FF30D6}.Debug|x86.ActiveCfg = Debug|Win32
		{9E5A8A13-83F6-4408-9243-39C537FF30D6}.Debug|x86.Build.0 = Debug|Win32
		{9E5A8A13-83F6-4408-9243-39C537FF30D6}.Release|x64.ActiveCfg = Release|x64
		{9E5A8A13-83F6-4408-9243-39C537FF30D6}.Release|x64.Build.0 = Release|x64
		{9E5A8A13-83F6-4408-9243-39C537FF30D6}.Release|x86.ActiveCfg = Release|Win32
		{9E5A8A13-83F6-4408-9243-39C537FF30D6}.Release|x86.Build.0 = Release|Win32
		{5AD51674-BC86-4FBC-9D7B-B0ED9FCD1E86}.Debug|x64.ActiveCfg = Debug|x64
		{5AD51674-BC86-4FBC-9D7B-B0ED9FCD1E86}.Debug|x64.Build.0 = Debug|x64
		{5AD51674-BC86-4FBC-9D7B-B0ED9FCD1E86}.Debug|x86.ActiveCfg = Debug|Win32
		{5AD51674-BC86-4FBC-9D7B-B0ED9FCD1E86}.Debug|x86.Build.0 = Debug|Win32
		{5AD51674-BC86-4FBC-9D7B-B0ED9FCD1E86}.Release|x64.ActiveCfg = Release|x64
		{5AD51674-BC86-4FBC-9D7B-B0ED9FCD1E86}.Release|x64.Build.0 = Release|x64
		{5AD51674-BC86-4FBC-9D7B-B0ED9FCD1E86}.Release|x86.ActiveCfg = Release|Win32
		{5AD51674-BC86-4FBC-9D7B-B0ED9FCD1E86}.Release|x86.Build.0 = Release|Win32
		{7F165ADA-F280-4BF2-884B-A2D316567405}.Debug|x64.ActiveCfg = Debug|x64
		{7F165ADA-F280-4BF2-884B-A2D316567405}.Debug|x64.Build.0 = Debug|x64
		{7F165ADA-F280-4BF2-884B-A2D316567405}.Debug|x86.ActiveCfg = Debug|Win32
		{7F165ADA-F280-4BF2-884B-A2D316567405}.Debug|x86.Build.0 = Debug|Win32
		{7F165ADA-F280-4BF2-884B-A2D316567405}.Release|x64.ActiveCfg = Release|x64
		{7F165ADA-F280-4BF2-884B-A2D316567405}.Release|x64.Build.0 = Release|x64
		{7F165ADA-F280-4BF2-884B-A2D316567405}.Release|x86.ActiveCfg = Release|Win32
		{7F165ADA-F280-4BF2-884B-A2D316567405}.Release|x86.Build.0 = Release|Win32
		{E4626777-E82E-40BF-A4EC-5E7AAA774AF4}.Debug|x64.ActiveCfg = Debug|x64
		{E4626777-E82E-40BF-A4EC-5E7AAA774AF4}.Debug|x64.Build.0 = Debug|x64
		{E4626777-E82E-40BF-A4EC-5E7AAA774AF4}.Debug|x86.ActiveCfg = Debug|Win32
		{E4626777-E82E-40BF-A4EC-5E7AAA774AF4}.Debug|x86.Build.0 = Debug|Win32
		{E4626777-E82E-40BF-A4EC-5E7AAA774AF4}.Release|x64.ActiveCfg = Release|x64
		{E4626777-E82E-40BF-A4EC-5E7AAA774AF4}.Release|x64.Build.0 = Release|x64
		{E4626777-E82E-40BF-A4EC-5E7AAA774AF4}.Release|x86.ActiveCfg = Release|Win32
		{E4626777-E82E-40BF-A4EC-5E7AAA774AF4}.Release|x86.Build.0 = Release|Win32
		{89C6AF4E-D829-4CDB-90DD-0CF875E3F9FD}.Debug|x64.ActiveCfg = Debug|x64
		{89C6AF4E-D829-4CDB-90DD-0CF875E3F9FD}.Debug|x64.Build.0 = Debug|x64
		{89C6AF4E-D829-4CDB-90DD-0CF875E3F9FD}.Debug|x86.ActiveCfg = Debug|Win32
		{89C6AF4E-D829-4CDB-90DD-0CF875E3F9FD}.Debug|x86.Build.0 = Debug|Win32
		{89C6AF4E-D829-4CDB-90DD-0CF875E3F9FD}.Release|x64.ActiveCfg = Release|x64
		{89C6AF4E-D829-4CDB-90DD-0CF875E3F9FD}.Release|x64.Build.0 = Release|x64
		{89C6AF4E-D829-4CDB-90DD-0CF875E3F9FD}.Release|x86.ActiveCfg = Release|Win32
		{89C6AF4E-D829-4CDB-90DD-0CF875E3F9FD}.Release|x86.Build.0 = Release|Win32
		{69DB5A83-A91B-48EB-A298-346AF5824671}.Debug|x64.ActiveCfg = Debug|x64
		{69DB5A83-A91B-48EB-A298-346AF5824671}.Debug|x64.Build.0 = Debug|x64
		{69DB5A83-A91B-48EB-A298-346AF5824671}.Debug|x86.ActiveCfg = Debug|Win32
		{69DB5A83-A91B-48EB-A298-346AF5824671}.Debug|x86.Build.0 = Debug|Win32
		{69DB5A83-A91B-48EB-A298-346AF5824671}.Release|x64.ActiveCfg = Release|x64
		{69DB5A83-A91B-48EB-A298-346AF5824671}.Release|x64.Build.0 = Release|x64
		{69DB5A83-A91B-48EB-A298-346AF5824671}.Release|x86.ActiveCfg = Release|Win32
		{69DB5A83-A91B-48EB-A298-346AF5824671}.Release|x86.Build.0 = Release|Win32
		{C01A3B2C-BB6A-4576-9423-6F509C2F7B9B}.Debug|x64.ActiveCfg = Debug|x64
		{C01A3B2C-BB6A-4576-9423-6F509C2F7B9B}.Debug|x64.Build.0 = Debug|x64
		{C01A3B2C-BB6A-4576-9423-6F509C2F7B9B}.Debug|x86.ActiveCfg = Debug|Win32
		{C01A3B2C-BB6A-4576-9423-6F509C2F7B9B}.Debug|x86.Build.0 = Debug|Win32
		{C01A3B2C-BB6A-4576-9423-6F509C2F7B9B}.Release|x64.ActiveCfg = Release|x64
		{C01A3B2C-BB6A-4576-9423-6F509C2F7B9B}.Release|x64.Build.0 = Release|x64
		{C01A3B2C-BB6A-4576-9423-6F509C2F7B9B}.Release|x86.ActiveCfg = Release|Win32
		{C01A3B2C-BB6A-4576-9423-6F509C2F7B9B}.Release|x86.Build.0 = Release|Win32
		{7DA2D1C8-155F-4FB9-9279-A36DA54DB37C}.Debug|x64.ActiveCfg = Debug|x64
		{7DA2D1C8-155F-4FB9-9279-A36DA54DB37C}.Debug|x64.Build.0 = Debug|x64
		{7DA2D1C8-155F-4FB9-9279-A36DA54DB37C}.Debug|x86.ActiveCfg = Debug|Win32
		{7DA2D1C8-155F-4FB9-9279-A36DA54DB37C}.Debug|x86.Build.0 = Debug|Win32
		{7DA2D1C8-155F-4FB9-9279-A36DA54DB37C}.Release|x64.ActiveCfg = Release|x64
		{7DA2D1C8-155F-4FB9-9279-A36DA54DB37C}.Release|x64.Build.0 = Release|x64
		{7DA2D1C8-155F-4FB9-9279-A36DA54DB37C}.Release|x86.ActiveCfg = Release|Win32
		{7DA2D1C8-155F-4FB9-9279-A36DA54DB37C}.Release|x86.Build.0 = Release|Win32
		{FD7DF4F4-7928-40ED-A149-FD22FA787F66}.Debug|x64.ActiveCfg = Debug|x64
		{FD7DF4F4-7928-40ED-A149-FD22FA787F66}.Debug|x64.Build.0 = Debug|x64
		{FD7DF4F4-7928-40ED-A149-FD22FA787F66}.Debug|x86.ActiveCfg = Debug|Win32
		{FD7DF4F4-7928-40ED-A149-FD22FA787F66}.Debug|x86.Build.0 = Debug|Win32
		{FD7DF4F4-7928-40ED-A149-FD22FA787F66}.Release|x64.ActiveCfg = Release|x64
		{FD7DF4F4-7928-40ED-A149-FD22FA787F66}.Release|x64.Build.0 = Release|x64
		{FD7DF4F4-7928-40ED-A149-FD22FA787F66}.Release|x86.ActiveCfg = Release|Win32
		{FD7DF4F4-7928-40ED-A149-FD22FA787F66}.Release|x86.Build.0 = Release|Win32
		{F248318B-F3AA-4612-883D-D67FFF3D4254}.Debug|x64.ActiveCfg = Debug|x64
		{F248318B-F3AA-4612-883D-D67FFF3D4254}.Debug|x64.Build.0 = Debug|x64
		{F248318B-F3AA-4612-883D-D67FFF3D4254}.Debug|x86.ActiveCfg = Debug|Win32
		{F248318B-F3AA-4612-883D-D67FFF3D4254}.Debug|x86.Build.0 = Debug|Win32
		{F248318B-F3AA-4612-883D-D67FFF3D4254}.Release|x64.ActiveCfg = Release|x64
		{F248318B-F3AA-4612-883D-D67FFF3D4254}.Release|x64.Build.0 = Release|x64
		{F248318B-F3AA-4612-883D-D67FFF3D4254}.Release|x86.ActiveCfg = Release|Win32
		{F248318B-F3AA-4612-883D-D67FFF3D4254}.Release|x86.Build.0 = Release|Win32
		{24C80699-FF94-4240-8535-25C9F4CB3E7D}.Debug|x64.ActiveCfg = Debug|x64
		{24C80699-FF94-4240-8535-25C9F4CB3E7D}.Debug|x64.Build.0 = Debug|x64
		{24C80699-FF94-4240-8535-25C9F4CB3E7D}.Debug|x86.ActiveCfg = Debug|Win32
		{24C80699-FF94-4240-8535-25C9F4CB3E7D}.Debug|x86.Build.0 = Debug|Win32
		{24C80699-FF94-4240-8535-25C9F4CB3E7D}.Release|x64.ActiveCfg = Release|x64
		{24C80699-FF94-4240-8535-25C9F4CB3E7D}.Release|x64.Build.0 = Release|x64
		{24C80699-FF94-4240-8535-25C9F4CB3E7D}.Release|x86.ActiveCfg = Release|Win32
		{24C80699-FF94-4240-8535-25C9F4CB3E7D}.Release|x86.Build.0 = Release|Win32
		{40A6C6BC-88C0-497C-9B44-7B8D0E9A9769}.Debug|x64.ActiveCfg = Debug|x64
		{40A6C6BC-88C0-497C-9B44-7B8D0E9A9769}.Debug|x64.Build.0 = Debug|x64
		{40A6C6BC-88C0-497C-9B44-7B8D0E9A9769}.Debug|x86.ActiveCfg = Debug|Win32
		{40A6C6BC-88C0-497C-9B44-7B8D0E9A9769}.Debug|x86.Build.0 = Debug|Win32
		{40A6C6BC-88C0-497C-9B44-7B8D0E9A9769}.Release|x64.ActiveCfg = Release|x64
		{40A6C6BC-88C0-497C-9B44-7B8D0E9A9769}.Release|x64.Build.0 = Release|x64
		{40A6C6BC-88C0-497C-9B44-7B8D0E9A9769}.Release|x86.ActiveCfg = Release|Win32
		{40A6C6BC-88C0-497C-9B44-7B8D0E9A9769}.Release|x86.Build.0 = Release|Win32
		{7F73EB09-F0FA-46EC-9175-5E3DA2400FB1}.Debug|x64.ActiveCfg = Debug|x64
		{7F73EB09-F0FA-46EC-9175-5E3DA2400FB1}.Debug|x64.Build.0 = Debug|x64
		{7F73EB09-F0FA-46EC-9175-5E3DA2400FB1}.Debug|x86.ActiveCfg = Debug|Win32
		{7F73EB09-F0FA-46EC-9175-5E3DA2400FB1}.Debug|x86.Build.0 = Debug|Win32
		{7F73EB09-F0FA-46EC-9175-5E3DA2400FB1}.Release|x64.ActiveCfg = Release|x64
		{7F73EB09-F0FA-46EC-9175-5E3DA2400FB1}.Release|x64.Build.0 = Release|x64
		{7F73EB09-F0FA-46EC-9175-5E3DA2400FB1}.Release|x86.ActiveCfg = Release|Win32
		{7F73EB09-F0FA-46EC-9175-5E3DA2400FB1}.Release|x86.Build.0 = Release|Win32
		{E47B0477-C582-40F0-B6A2-C5608769FC87}.Debug|x64.ActiveCfg = Debug|x64
		{E47B0477-C582-40F0-B6A2-C5608769FC87}.Debug|x64.Build.0 = Debug|x64
		{E47B0477-C582-40F0-B6A2-C5608769FC87}.Debug|x86.ActiveCfg = Debug|Win32
		{E47B0477-C582-40F0-B6A2-C5608769FC87}.Debug|x86.Build.0 = Debug|Win32
		{E47B0477-C582-40F0-B6A2-C5608769FC87}.Release|x64.ActiveCfg = Release|x64
		{E47B0477-C582-40F0-B6A2-C5608769FC87}.Release|x64.Build.0 = Release|x64
		{E47B0477-C582-40F0-B6A2-C5608769FC87}.Release|x86.ActiveCfg = Release|Win32
		{E47B0477-C582-40F0-B6A2-C5608769FC87}.Release|x86.Build.0 = Release|Win32
	EndGlobalSection
	GlobalSection(SolutionProperties) = preSolution
		HideSolutionNode = FALSE
	EndGlobalSection
	GlobalSection(ExtensibilityGlobals) = postSolution
		SolutionGuid = {030D12E4-DF4D-43D4-92C8-95B1DF5AE4D9}
	EndGlobalSection
EndGlobal
